// !$*UTF8*$!
{
	archiveVersion = 1;
	classes = {
	};
	objectVersion = 50;
	objects = {

/* Begin PBXBuildFile section */
		18A2DA56262F67B2005E6D97 /* AppDelegate.swift in Sources */ = {isa = PBXBuildFile; fileRef = 18A2DA55262F67B2005E6D97 /* AppDelegate.swift */; };
		18A2DA58262F67B2005E6D97 /* SceneDelegate.swift in Sources */ = {isa = PBXBuildFile; fileRef = 18A2DA57262F67B2005E6D97 /* SceneDelegate.swift */; };
		18A2DA5D262F67B2005E6D97 /* Main.storyboard in Resources */ = {isa = PBXBuildFile; fileRef = 18A2DA5B262F67B2005E6D97 /* Main.storyboard */; };
		18A2DA5F262F67B4005E6D97 /* Assets.xcassets in Resources */ = {isa = PBXBuildFile; fileRef = 18A2DA5E262F67B4005E6D97 /* Assets.xcassets */; };
		18A2DA62262F67B4005E6D97 /* LaunchScreen.storyboard in Resources */ = {isa = PBXBuildFile; fileRef = 18A2DA60262F67B4005E6D97 /* LaunchScreen.storyboard */; };
		18A2DA6C262F6A0D005E6D97 /* CountryCell.swift in Sources */ = {isa = PBXBuildFile; fileRef = 18A2DA6A262F6A0D005E6D97 /* CountryCell.swift */; };
		18A2DA6D262F6A0D005E6D97 /* CountryCell.xib in Resources */ = {isa = PBXBuildFile; fileRef = 18A2DA6B262F6A0D005E6D97 /* CountryCell.xib */; };
		18A2DA76262F6C2D005E6D97 /* TableViewController.swift in Sources */ = {isa = PBXBuildFile; fileRef = 18A2DA75262F6C2D005E6D97 /* TableViewController.swift */; };
		18F3D18E263026BD00FCE2B9 /* TableViewModel.swift in Sources */ = {isa = PBXBuildFile; fileRef = 18F3D18D263026BD00FCE2B9 /* TableViewModel.swift */; };
		18F3D1912630272A00FCE2B9 /* Model.swift in Sources */ = {isa = PBXBuildFile; fileRef = 18F3D1902630272A00FCE2B9 /* Model.swift */; };
		18F3D19526302DAD00FCE2B9 /* TableViewModelProtocol.swift in Sources */ = {isa = PBXBuildFile; fileRef = 18F3D19426302DAD00FCE2B9 /* TableViewModelProtocol.swift */; };
		18F3D19B2630336700FCE2B9 /* CellViewModelProtocol.swift in Sources */ = {isa = PBXBuildFile; fileRef = 18F3D19A2630336700FCE2B9 /* CellViewModelProtocol.swift */; };
		18F3D19E2630355900FCE2B9 /* CellViewModel.swift in Sources */ = {isa = PBXBuildFile; fileRef = 18F3D19D2630355900FCE2B9 /* CellViewModel.swift */; };
		18F3D1A6263058E900FCE2B9 /* CountryModel.swift in Sources */ = {isa = PBXBuildFile; fileRef = 18F3D1A5263058E900FCE2B9 /* CountryModel.swift */; };
		18F3D1A92630762800FCE2B9 /* .gitignore in Resources */ = {isa = PBXBuildFile; fileRef = 18F3D1A82630762800FCE2B9 /* .gitignore */; };
/* End PBXBuildFile section */

/* Begin PBXFileReference section */
		18A2DA52262F67B2005E6D97 /* MVVM_for_table_example.app */ = {isa = PBXFileReference; explicitFileType = wrapper.application; includeInIndex = 0; path = MVVM_for_table_example.app; sourceTree = BUILT_PRODUCTS_DIR; };
		18A2DA55262F67B2005E6D97 /* AppDelegate.swift */ = {isa = PBXFileReference; lastKnownFileType = sourcecode.swift; path = AppDelegate.swift; sourceTree = "<group>"; };
		18A2DA57262F67B2005E6D97 /* SceneDelegate.swift */ = {isa = PBXFileReference; lastKnownFileType = sourcecode.swift; path = SceneDelegate.swift; sourceTree = "<group>"; };
		18A2DA5C262F67B2005E6D97 /* Base */ = {isa = PBXFileReference; lastKnownFileType = file.storyboard; name = Base; path = Base.lproj/Main.storyboard; sourceTree = "<group>"; };
		18A2DA5E262F67B4005E6D97 /* Assets.xcassets */ = {isa = PBXFileReference; lastKnownFileType = folder.assetcatalog; path = Assets.xcassets; sourceTree = "<group>"; };
		18A2DA61262F67B4005E6D97 /* Base */ = {isa = PBXFileReference; lastKnownFileType = file.storyboard; name = Base; path = Base.lproj/LaunchScreen.storyboard; sourceTree = "<group>"; };
		18A2DA63262F67B4005E6D97 /* Info.plist */ = {isa = PBXFileReference; lastKnownFileType = text.plist.xml; path = Info.plist; sourceTree = "<group>"; };
		18A2DA6A262F6A0D005E6D97 /* CountryCell.swift */ = {isa = PBXFileReference; lastKnownFileType = sourcecode.swift; path = CountryCell.swift; sourceTree = "<group>"; };
		18A2DA6B262F6A0D005E6D97 /* CountryCell.xib */ = {isa = PBXFileReference; lastKnownFileType = file.xib; path = CountryCell.xib; sourceTree = "<group>"; };
		18A2DA75262F6C2D005E6D97 /* TableViewController.swift */ = {isa = PBXFileReference; lastKnownFileType = sourcecode.swift; path = TableViewController.swift; sourceTree = "<group>"; };
		18F3D18D263026BD00FCE2B9 /* TableViewModel.swift */ = {isa = PBXFileReference; lastKnownFileType = sourcecode.swift; path = TableViewModel.swift; sourceTree = "<group>"; };
		18F3D1902630272A00FCE2B9 /* Model.swift */ = {isa = PBXFileReference; lastKnownFileType = sourcecode.swift; path = Model.swift; sourceTree = "<group>"; };
		18F3D19426302DAD00FCE2B9 /* TableViewModelProtocol.swift */ = {isa = PBXFileReference; lastKnownFileType = sourcecode.swift; path = TableViewModelProtocol.swift; sourceTree = "<group>"; };
		18F3D19A2630336700FCE2B9 /* CellViewModelProtocol.swift */ = {isa = PBXFileReference; lastKnownFileType = sourcecode.swift; path = CellViewModelProtocol.swift; sourceTree = "<group>"; };
		18F3D19D2630355900FCE2B9 /* CellViewModel.swift */ = {isa = PBXFileReference; lastKnownFileType = sourcecode.swift; path = CellViewModel.swift; sourceTree = "<group>"; };
		18F3D1A5263058E900FCE2B9 /* CountryModel.swift */ = {isa = PBXFileReference; lastKnownFileType = sourcecode.swift; path = CountryModel.swift; sourceTree = "<group>"; };
		18F3D1A82630762800FCE2B9 /* .gitignore */ = {isa = PBXFileReference; lastKnownFileType = text; path = .gitignore; sourceTree = "<group>"; };
/* End PBXFileReference section */

/* Begin PBXFrameworksBuildPhase section */
		18A2DA4F262F67B2005E6D97 /* Frameworks */ = {
			isa = PBXFrameworksBuildPhase;
			buildActionMask = 2147483647;
			files = (
			);
			runOnlyForDeploymentPostprocessing = 0;
		};
/* End PBXFrameworksBuildPhase section */

/* Begin PBXGroup section */
		18A2DA49262F67B2005E6D97 = {
			isa = PBXGroup;
			children = (
				18A2DA54262F67B2005E6D97 /* MVVM_for_table_example */,
				18F3D1A82630762800FCE2B9 /* .gitignore */,
				18A2DA53262F67B2005E6D97 /* Products */,
			);
			sourceTree = "<group>";
		};
		18A2DA53262F67B2005E6D97 /* Products */ = {
			isa = PBXGroup;
			children = (
				18A2DA52262F67B2005E6D97 /* MVVM_for_table_example.app */,
			);
			name = Products;
			sourceTree = "<group>";
		};
		18A2DA54262F67B2005E6D97 /* MVVM_for_table_example */ = {
			isa = PBXGroup;
			children = (
				18A2DA55262F67B2005E6D97 /* AppDelegate.swift */,
				18A2DA57262F67B2005E6D97 /* SceneDelegate.swift */,
				18A2DA5B262F67B2005E6D97 /* Main.storyboard */,
				18A2DA72262F6A4A005E6D97 /* View */,
				18A2DA71262F6A39005E6D97 /* ViewModel */,
				18A2DA6F262F6A21005E6D97 /* Model */,
				18F3D19326302D5000FCE2B9 /* Protocols */,
				18A2DA5E262F67B4005E6D97 /* Assets.xcassets */,
				18A2DA60262F67B4005E6D97 /* LaunchScreen.storyboard */,
				18A2DA63262F67B4005E6D97 /* Info.plist */,
			);
			path = MVVM_for_table_example;
			sourceTree = "<group>";
		};
		18A2DA6F262F6A21005E6D97 /* Model */ = {
			isa = PBXGroup;
			children = (
				18F3D1902630272A00FCE2B9 /* Model.swift */,
				18F3D1A5263058E900FCE2B9 /* CountryModel.swift */,
			);
			path = Model;
			sourceTree = "<group>";
		};
		18A2DA71262F6A39005E6D97 /* ViewModel */ = {
			isa = PBXGroup;
			children = (
				18F3D18D263026BD00FCE2B9 /* TableViewModel.swift */,
				18F3D19D2630355900FCE2B9 /* CellViewModel.swift */,
			);
			path = ViewModel;
			sourceTree = "<group>";
		};
		18A2DA72262F6A4A005E6D97 /* View */ = {
			isa = PBXGroup;
			children = (
				18A2DA6A262F6A0D005E6D97 /* CountryCell.swift */,
				18A2DA6B262F6A0D005E6D97 /* CountryCell.xib */,
				18A2DA75262F6C2D005E6D97 /* TableViewController.swift */,
			);
			path = View;
			sourceTree = "<group>";
		};
		18F3D19326302D5000FCE2B9 /* Protocols */ = {
			isa = PBXGroup;
			children = (
				18F3D19426302DAD00FCE2B9 /* TableViewModelProtocol.swift */,
				18F3D19A2630336700FCE2B9 /* CellViewModelProtocol.swift */,
			);
			path = Protocols;
			sourceTree = "<group>";
		};
/* End PBXGroup section */

/* Begin PBXNativeTarget section */
		18A2DA51262F67B2005E6D97 /* MVVM_for_table_example */ = {
			isa = PBXNativeTarget;
			buildConfigurationList = 18A2DA66262F67B4005E6D97 /* Build configuration list for PBXNativeTarget "MVVM_for_table_example" */;
			buildPhases = (
				18A2DA4E262F67B2005E6D97 /* Sources */,
				18A2DA4F262F67B2005E6D97 /* Frameworks */,
				18A2DA50262F67B2005E6D97 /* Resources */,
			);
			buildRules = (
			);
			dependencies = (
			);
			name = MVVM_for_table_example;
			productName = MVVM_for_table_example;
			productReference = 18A2DA52262F67B2005E6D97 /* MVVM_for_table_example.app */;
			productType = "com.apple.product-type.application";
		};
/* End PBXNativeTarget section */

/* Begin PBXProject section */
		18A2DA4A262F67B2005E6D97 /* Project object */ = {
			isa = PBXProject;
			attributes = {
				LastSwiftUpdateCheck = 1240;
				LastUpgradeCheck = 1240;
				TargetAttributes = {
					18A2DA51262F67B2005E6D97 = {
						CreatedOnToolsVersion = 12.4;
					};
				};
			};
			buildConfigurationList = 18A2DA4D262F67B2005E6D97 /* Build configuration list for PBXProject "MVVM_for_table_example" */;
			compatibilityVersion = "Xcode 9.3";
			developmentRegion = en;
			hasScannedForEncodings = 0;
			knownRegions = (
				en,
				Base,
			);
			mainGroup = 18A2DA49262F67B2005E6D97;
			productRefGroup = 18A2DA53262F67B2005E6D97 /* Products */;
			projectDirPath = "";
			projectRoot = "";
			targets = (
				18A2DA51262F67B2005E6D97 /* MVVM_for_table_example */,
			);
		};
/* End PBXProject section */

/* Begin PBXResourcesBuildPhase section */
		18A2DA50262F67B2005E6D97 /* Resources */ = {
			isa = PBXResourcesBuildPhase;
			buildActionMask = 2147483647;
			files = (
				18F3D1A92630762800FCE2B9 /* .gitignore in Resources */,
				18A2DA6D262F6A0D005E6D97 /* CountryCell.xib in Resources */,
				18A2DA62262F67B4005E6D97 /* LaunchScreen.storyboard in Resources */,
				18A2DA5F262F67B4005E6D97 /* Assets.xcassets in Resources */,
				18A2DA5D262F67B2005E6D97 /* Main.storyboard in Resources */,
			);
			runOnlyForDeploymentPostprocessing = 0;
		};
/* End PBXResourcesBuildPhase section */

/* Begin PBXSourcesBuildPhase section */
		18A2DA4E262F67B2005E6D97 /* Sources */ = {
			isa = PBXSourcesBuildPhase;
			buildActionMask = 2147483647;
			files = (
				18F3D18E263026BD00FCE2B9 /* TableViewModel.swift in Sources */,
				18A2DA6C262F6A0D005E6D97 /* CountryCell.swift in Sources */,
				18A2DA56262F67B2005E6D97 /* AppDelegate.swift in Sources */,
				18F3D19B2630336700FCE2B9 /* CellViewModelProtocol.swift in Sources */,
				18F3D1A6263058E900FCE2B9 /* CountryModel.swift in Sources */,
				18F3D1912630272A00FCE2B9 /* Model.swift in Sources */,
				18A2DA58262F67B2005E6D97 /* SceneDelegate.swift in Sources */,
				18F3D19E2630355900FCE2B9 /* CellViewModel.swift in Sources */,
				18F3D19526302DAD00FCE2B9 /* TableViewModelProtocol.swift in Sources */,
				18A2DA76262F6C2D005E6D97 /* TableViewController.swift in Sources */,
			);
			runOnlyForDeploymentPostprocessing = 0;
		};
/* End PBXSourcesBuildPhase section */

/* Begin PBXVariantGroup section */
		18A2DA5B262F67B2005E6D97 /* Main.storyboard */ = {
			isa = PBXVariantGroup;
			children = (
				18A2DA5C262F67B2005E6D97 /* Base */,
			);
			name = Main.storyboard;
			sourceTree = "<group>";
		};
		18A2DA60262F67B4005E6D97 /* LaunchScreen.storyboard */ = {
			isa = PBXVariantGroup;
			children = (
				18A2DA61262F67B4005E6D97 /* Base */,
			);
			name = LaunchScreen.storyboard;
			sourceTree = "<group>";
		};
/* End PBXVariantGroup section */

/* Begin XCBuildConfiguration section */
		18A2DA64262F67B4005E6D97 /* Debug */ = {
			isa = XCBuildConfiguration;
			buildSettings = {
				ALWAYS_SEARCH_USER_PATHS = NO;
				CLANG_ANALYZER_NONNULL = YES;
				CLANG_ANALYZER_NUMBER_OBJECT_CONVERSION = YES_AGGRESSIVE;
				CLANG_CXX_LANGUAGE_STANDARD = "gnu++14";
				CLANG_CXX_LIBRARY = "libc++";
				CLANG_ENABLE_MODULES = YES;
				CLANG_ENABLE_OBJC_ARC = YES;
				CLANG_ENABLE_OBJC_WEAK = YES;
				CLANG_WARN_BLOCK_CAPTURE_AUTORELEASING = YES;
				CLANG_WARN_BOOL_CONVERSION = YES;
				CLANG_WARN_COMMA = YES;
				CLANG_WARN_CONSTANT_CONVERSION = YES;
				CLANG_WARN_DEPRECATED_OBJC_IMPLEMENTATIONS = YES;
				CLANG_WARN_DIRECT_OBJC_ISA_USAGE = YES_ERROR;
				CLANG_WARN_DOCUMENTATION_COMMENTS = YES;
				CLANG_WARN_EMPTY_BODY = YES;
				CLANG_WARN_ENUM_CONVERSION = YES;
				CLANG_WARN_INFINITE_RECURSION = YES;
				CLANG_WARN_INT_CONVERSION = YES;
				CLANG_WARN_NON_LITERAL_NULL_CONVERSION = YES;
				CLANG_WARN_OBJC_IMPLICIT_RETAIN_SELF = YES;
				CLANG_WARN_OBJC_LITERAL_CONVERSION = YES;
				CLANG_WARN_OBJC_ROOT_CLASS = YES_ERROR;
				CLANG_WARN_QUOTED_INCLUDE_IN_FRAMEWORK_HEADER = YES;
				CLANG_WARN_RANGE_LOOP_ANALYSIS = YES;
				CLANG_WARN_STRICT_PROTOTYPES = YES;
				CLANG_WARN_SUSPICIOUS_MOVE = YES;
				CLANG_WARN_UNGUARDED_AVAILABILITY = YES_AGGRESSIVE;
				CLANG_WARN_UNREACHABLE_CODE = YES;
				CLANG_WARN__DUPLICATE_METHOD_MATCH = YES;
				COPY_PHASE_STRIP = NO;
				DEBUG_INFORMATION_FORMAT = dwarf;
				ENABLE_STRICT_OBJC_MSGSEND = YES;
				ENABLE_TESTABILITY = YES;
				GCC_C_LANGUAGE_STANDARD = gnu11;
				GCC_DYNAMIC_NO_PIC = NO;
				GCC_NO_COMMON_BLOCKS = YES;
				GCC_OPTIMIZATION_LEVEL = 0;
				GCC_PREPROCESSOR_DEFINITIONS = (
					"DEBUG=1",
					"$(inherited)",
				);
				GCC_WARN_64_TO_32_BIT_CONVERSION = YES;
				GCC_WARN_ABOUT_RETURN_TYPE = YES_ERROR;
				GCC_WARN_UNDECLARED_SELECTOR = YES;
				GCC_WARN_UNINITIALIZED_AUTOS = YES_AGGRESSIVE;
				GCC_WARN_UNUSED_FUNCTION = YES;
				GCC_WARN_UNUSED_VARIABLE = YES;
				IPHONEOS_DEPLOYMENT_TARGET = 14.4;
				MTL_ENABLE_DEBUG_INFO = INCLUDE_SOURCE;
				MTL_FAST_MATH = YES;
				ONLY_ACTIVE_ARCH = YES;
				SDKROOT = iphoneos;
				SWIFT_ACTIVE_COMPILATION_CONDITIONS = DEBUG;
				SWIFT_OPTIMIZATION_LEVEL = "-Onone";
			};
			name = Debug;
		};
		18A2DA65262F67B4005E6D97 /* Release */ = {
			isa = XCBuildConfiguration;
			buildSettings = {
				ALWAYS_SEARCH_USER_PATHS = NO;
				CLANG_ANALYZER_NONNULL = YES;
				CLANG_ANALYZER_NUMBER_OBJECT_CONVERSION = YES_AGGRESSIVE;
				CLANG_CXX_LANGUAGE_STANDARD = "gnu++14";
				CLANG_CXX_LIBRARY = "libc++";
				CLANG_ENABLE_MODULES = YES;
				CLANG_ENABLE_OBJC_ARC = YES;
				CLANG_ENABLE_OBJC_WEAK = YES;
				CLANG_WARN_BLOCK_CAPTURE_AUTORELEASING = YES;
				CLANG_WARN_BOOL_CONVERSION = YES;
				CLANG_WARN_COMMA = YES;
				CLANG_WARN_CONSTANT_CONVERSION = YES;
				CLANG_WARN_DEPRECATED_OBJC_IMPLEMENTATIONS = YES;
				CLANG_WARN_DIRECT_OBJC_ISA_USAGE = YES_ERROR;
				CLANG_WARN_DOCUMENTATION_COMMENTS = YES;
				CLANG_WARN_EMPTY_BODY = YES;
				CLANG_WARN_ENUM_CONVERSION = YES;
				CLANG_WARN_INFINITE_RECURSION = YES;
				CLANG_WARN_INT_CONVERSION = YES;
				CLANG_WARN_NON_LITERAL_NULL_CONVERSION = YES;
				CLANG_WARN_OBJC_IMPLICIT_RETAIN_SELF = YES;
				CLANG_WARN_OBJC_LITERAL_CONVERSION = YES;
				CLANG_WARN_OBJC_ROOT_CLASS = YES_ERROR;
				CLANG_WARN_QUOTED_INCLUDE_IN_FRAMEWORK_HEADER = YES;
				CLANG_WARN_RANGE_LOOP_ANALYSIS = YES;
				CLANG_WARN_STRICT_PROTOTYPES = YES;
				CLANG_WARN_SUSPICIOUS_MOVE = YES;
				CLANG_WARN_UNGUARDED_AVAILABILITY = YES_AGGRESSIVE;
				CLANG_WARN_UNREACHABLE_CODE = YES;
				CLANG_WARN__DUPLICATE_METHOD_MATCH = YES;
				COPY_PHASE_STRIP = NO;
				DEBUG_INFORMATION_FORMAT = "dwarf-with-dsym";
				ENABLE_NS_ASSERTIONS = NO;
				ENABLE_STRICT_OBJC_MSGSEND = YES;
				GCC_C_LANGUAGE_STANDARD = gnu11;
				GCC_NO_COMMON_BLOCKS = YES;
				GCC_WARN_64_TO_32_BIT_CONVERSION = YES;
				GCC_WARN_ABOUT_RETURN_TYPE = YES_ERROR;
				GCC_WARN_UNDECLARED_SELECTOR = YES;
				GCC_WARN_UNINITIALIZED_AUTOS = YES_AGGRESSIVE;
				GCC_WARN_UNUSED_FUNCTION = YES;
				GCC_WARN_UNUSED_VARIABLE = YES;
				IPHONEOS_DEPLOYMENT_TARGET = 14.4;
				MTL_ENABLE_DEBUG_INFO = NO;
				MTL_FAST_MATH = YES;
				SDKROOT = iphoneos;
				SWIFT_COMPILATION_MODE = wholemodule;
				SWIFT_OPTIMIZATION_LEVEL = "-O";
				VALIDATE_PRODUCT = YES;
			};
			name = Release;
		};
		18A2DA67262F67B4005E6D97 /* Debug */ = {
			isa = XCBuildConfiguration;
			buildSettings = {
				ASSETCATALOG_COMPILER_APPICON_NAME = AppIcon;
				ASSETCATALOG_COMPILER_GLOBAL_ACCENT_COLOR_NAME = AccentColor;
				CODE_SIGN_STYLE = Automatic;
				DEVELOPMENT_TEAM = T7QPFJ665A;
				INFOPLIST_FILE = MVVM_for_table_example/Info.plist;
				LD_RUNPATH_SEARCH_PATHS = (
					"$(inherited)",
					"@executable_path/Frameworks",
				);
				PRODUCT_BUNDLE_IDENTIFIER = "BCS.MVVM-for-table-example";
				PRODUCT_NAME = "$(TARGET_NAME)";
				SWIFT_VERSION = 5.0;
				TARGETED_DEVICE_FAMILY = "1,2";
			};
			name = Debug;
		};
		18A2DA68262F67B4005E6D97 /* Release */ = {
			isa = XCBuildConfiguration;
			buildSettings = {
				ASSETCATALOG_COMPILER_APPICON_NAME = AppIcon;
				ASSETCATALOG_COMPILER_GLOBAL_ACCENT_COLOR_NAME = AccentColor;
				CODE_SIGN_STYLE = Automatic;
				DEVELOPMENT_TEAM = T7QPFJ665A;
				INFOPLIST_FILE = MVVM_for_table_example/Info.plist;
				LD_RUNPATH_SEARCH_PATHS = (
					"$(inherited)",
					"@executable_path/Frameworks",
				);
				PRODUCT_BUNDLE_IDENTIFIER = "BCS.MVVM-for-table-example";
				PRODUCT_NAME = "$(TARGET_NAME)";
				SWIFT_VERSION = 5.0;
				TARGETED_DEVICE_FAMILY = "1,2";
			};
			name = Release;
		};
/* End XCBuildConfiguration section */

/* Begin XCConfigurationList section */
		18A2DA4D262F67B2005E6D97 /* Build configuration list for PBXProject "MVVM_for_table_example" */ = {
			isa = XCConfigurationList;
			buildConfigurations = (
				18A2DA64262F67B4005E6D97 /* Debug */,
				18A2DA65262F67B4005E6D97 /* Release */,
			);
			defaultConfigurationIsVisible = 0;
			defaultConfigurationName = Release;
		};
		18A2DA66262F67B4005E6D97 /* Build configuration list for PBXNativeTarget "MVVM_for_table_example" */ = {
			isa = XCConfigurationList;
			buildConfigurations = (
				18A2DA67262F67B4005E6D97 /* Debug */,
				18A2DA68262F67B4005E6D97 /* Release */,
			);
			defaultConfigurationIsVisible = 0;
			defaultConfigurationName = Release;
		};
/* End XCConfigurationList section */
	};
	rootObject = 18A2DA4A262F67B2005E6D97 /* Project object */;
}
